# This file is generated by running "yarn install" inside your project.
# Manual changes might be lost - proceed with caution!

__metadata:
  version: 8
  cacheKey: 10c0

"@types/codemirror@npm:^5.60.10":
  version: 5.60.16
  resolution: "@types/codemirror@npm:5.60.16"
  dependencies:
    "@types/tern": "npm:*"
  checksum: 10c0/34d82229b5c4e702deaf4c8f8822bcf79a3bf68bc9bbadd630aa54122566f7e353180902906b5512f0539e66f8eb8c878c98335fe6793375575d74746a26fb64
  languageName: node
  linkType: hard

"@types/estree@npm:*":
  version: 1.0.8
  resolution: "@types/estree@npm:1.0.8"
  checksum: 10c0/39d34d1afaa338ab9763f37ad6066e3f349444f9052b9676a7cc0252ef9485a41c6d81c9c4e0d26e9077993354edf25efc853f3224dd4b447175ef62bdcc86a5
  languageName: node
  linkType: hard

"@types/marked@npm:^4.0.7":
  version: 4.3.2
  resolution: "@types/marked@npm:4.3.2"
  checksum: 10c0/6f44d28da5c940a719d6c6aca41e33f49c5fe957f7972939cc1cbb47d045951f4d969f382d655345d0463e47db1994635d2862018716fcef2fa85ceeceb116e7
  languageName: node
  linkType: hard

"@types/tern@npm:*":
  version: 0.23.9
  resolution: "@types/tern@npm:0.23.9"
  dependencies:
    "@types/estree": "npm:*"
  checksum: 10c0/1d30ccfbb84362fe7a7edeea3ba5268f5a7a0965d504147c6b701092f0ea3f0833799ee753e2059a535ca06590f91dd2416e4bd94a6e8ad51eea127a0607c617
  languageName: node
  linkType: hard

"codemirror-spell-checker@npm:1.1.2":
  version: 1.1.2
  resolution: "codemirror-spell-checker@npm:1.1.2"
  dependencies:
    typo-js: "npm:*"
  checksum: 10c0/3846e6c6eb81d165db72cb2e15c413f3b948c0dd779c500d254aea417fe1cc58580688b78eb860a84c45e11251b5cd6a61a477141fa39dd3a2b04c2f5c91e474
  languageName: node
  linkType: hard

"codemirror@npm:^5.65.15":
  version: 5.65.20
  resolution: "codemirror@npm:5.65.20"
  checksum: 10c0/a1efc27d6c550f65b8ebe9c4229b7c4bb99e3856595779573597773f72aa576750f67765a598cb881d9238128d7b43be287f26e8a83bb2d42c2b2f0c0decb190
  languageName: node
  linkType: hard

"easymde@npm:^2.20.0":
  version: 2.20.0
  resolution: "easymde@npm:2.20.0"
  dependencies:
    "@types/codemirror": "npm:^5.60.10"
    "@types/marked": "npm:^4.0.7"
    codemirror: "npm:^5.65.15"
    codemirror-spell-checker: "npm:1.1.2"
    marked: "npm:^4.1.0"
  checksum: 10c0/bbaf2b5e97a7e9ac191a97f844555b60973471ebbdbaa2fc1503facb956f5aba84f9127f03b5501519a16d675095658d160f000f72d0a45601c279db989bd55c
  languageName: node
  linkType: hard

"marked@npm:^4.1.0":
  version: 4.3.0
  resolution: "marked@npm:4.3.0"
  bin:
    marked: bin/marked.js
  checksum: 10c0/0013463855e31b9c88d8bb2891a611d10ef1dc79f2e3cbff1bf71ba389e04c5971298c886af0be799d7fa9aa4593b086a136062d59f1210b0480b026a8c5dc47
  languageName: node
  linkType: hard

"root-workspace-0b6124@workspace:.":
  version: 0.0.0-use.local
  resolution: "root-workspace-0b6124@workspace:."
  dependencies:
    easymde: "npm:^2.20.0"
  languageName: unknown
  linkType: soft

"typo-js@npm:*":
  version: 1.3.1
  resolution: "typo-js@npm:1.3.1"
  checksum: 10c0/53e1f4bf232f5b6d6bf8dd70b3d284e1ccc60184f9d530ed7b52e96c2f8414926b9f0e30966127b9bba4d4eed4218059ae7dd54269fb898d7a12296112320660
  languageName: node
  linkType: hard
